# This file is automatically @generated by Cargo.
# It is not intended for manual editing.
version = 3

[[package]]
name = "cfg-if"
version = "1.0.4"
source = "registry+https://github.com/rust-lang/crates.io-index"
checksum = "9330f8b2ff13f34540b44e946ef35111825727b38d33286ef986142615121801"

[[package]]
name = "common"
version = "0.1.0"
dependencies = [
 "encoding_rs_io",
 "lexopt",
]

[[package]]
name = "encoding_rs"
version = "0.8.35"
source = "registry+https://github.com/rust-lang/crates.io-index"
checksum = "75030f3c4f45dafd7586dd6780965a8c7e8e285a5ecb86713e63a79c5b2766f3"
dependencies = [
 "cfg-if",
]

[[package]]
name = "encoding_rs_io"
version = "0.1.7"
source = "registry+https://github.com/rust-lang/crates.io-index"
checksum = "1cc3c5651fb62ab8aa3103998dade57efdd028544bd300516baa31840c252a83"
dependencies = [
 "encoding_rs",
]

[[package]]
name = "lexopt"
version = "0.3.1"
source = "registry+https://github.com/rust-lang/crates.io-index"
checksum = "9fa0e2a1fcbe2f6be6c42e342259976206b383122fc152e872795338b5a3f3a7"
